// !$*UTF8*$!
{
	archiveVersion = 1;
	classes = {
	};
	objectVersion = 56;
	objects = {

/* Begin PBXBuildFile section */
		D616FB242B4857F50014AC5A /* AppDelegate.swift in Sources */ = {isa = PBXBuildFile; fileRef = D616FB232B4857F50014AC5A /* AppDelegate.swift */; };
		D616FB262B4857F50014AC5A /* SceneDelegate.swift in Sources */ = {isa = PBXBuildFile; fileRef = D616FB252B4857F50014AC5A /* SceneDelegate.swift */; };
		D616FB2B2B4857F50014AC5A /* Main.storyboard in Resources */ = {isa = PBXBuildFile; fileRef = D616FB292B4857F50014AC5A /* Main.storyboard */; };
		D616FB2D2B4857F70014AC5A /* Assets.xcassets in Resources */ = {isa = PBXBuildFile; fileRef = D616FB2C2B4857F70014AC5A /* Assets.xcassets */; };
		D616FB302B4857F70014AC5A /* LaunchScreen.storyboard in Resources */ = {isa = PBXBuildFile; fileRef = D616FB2E2B4857F70014AC5A /* LaunchScreen.storyboard */; };
		D616FB3B2B4857F70014AC5A /* HotCoffeeTests.swift in Sources */ = {isa = PBXBuildFile; fileRef = D616FB3A2B4857F70014AC5A /* HotCoffeeTests.swift */; };
		D616FB452B4857F70014AC5A /* HotCoffeeUITests.swift in Sources */ = {isa = PBXBuildFile; fileRef = D616FB442B4857F70014AC5A /* HotCoffeeUITests.swift */; };
		D616FB472B4857F70014AC5A /* HotCoffeeUITestsLaunchTests.swift in Sources */ = {isa = PBXBuildFile; fileRef = D616FB462B4857F70014AC5A /* HotCoffeeUITestsLaunchTests.swift */; };
		D616FB552B4858BA0014AC5A /* OrdersTableViewController.swift in Sources */ = {isa = PBXBuildFile; fileRef = D616FB542B4858BA0014AC5A /* OrdersTableViewController.swift */; };
		D616FB572B4859160014AC5A /* AddOrdersViewController.swift in Sources */ = {isa = PBXBuildFile; fileRef = D616FB562B4859160014AC5A /* AddOrdersViewController.swift */; };
		D616FB5A2B485F6F0014AC5A /* WebService.swift in Sources */ = {isa = PBXBuildFile; fileRef = D616FB592B485F6F0014AC5A /* WebService.swift */; };
		D616FB5D2B4860DE0014AC5A /* Order.swift in Sources */ = {isa = PBXBuildFile; fileRef = D616FB5C2B4860DE0014AC5A /* Order.swift */; };
		D616FB602B4863BE0014AC5A /* OrderViewModel.swift in Sources */ = {isa = PBXBuildFile; fileRef = D616FB5F2B4863BE0014AC5A /* OrderViewModel.swift */; };
		D616FB622B486F660014AC5A /* AddCoffeeOrderViewModel.swift in Sources */ = {isa = PBXBuildFile; fileRef = D616FB612B486F660014AC5A /* AddCoffeeOrderViewModel.swift */; };
/* End PBXBuildFile section */

/* Begin PBXContainerItemProxy section */
		D616FB372B4857F70014AC5A /* PBXContainerItemProxy */ = {
			isa = PBXContainerItemProxy;
			containerPortal = D616FB182B4857F40014AC5A /* Project object */;
			proxyType = 1;
			remoteGlobalIDString = D616FB1F2B4857F50014AC5A;
			remoteInfo = HotCoffee;
		};
		D616FB412B4857F70014AC5A /* PBXContainerItemProxy */ = {
			isa = PBXContainerItemProxy;
			containerPortal = D616FB182B4857F40014AC5A /* Project object */;
			proxyType = 1;
			remoteGlobalIDString = D616FB1F2B4857F50014AC5A;
			remoteInfo = HotCoffee;
		};
/* End PBXContainerItemProxy section */

/* Begin PBXFileReference section */
		D616FB202B4857F50014AC5A /* HotCoffee.app */ = {isa = PBXFileReference; explicitFileType = wrapper.application; includeInIndex = 0; path = HotCoffee.app; sourceTree = BUILT_PRODUCTS_DIR; };
		D616FB232B4857F50014AC5A /* AppDelegate.swift */ = {isa = PBXFileReference; lastKnownFileType = sourcecode.swift; path = AppDelegate.swift; sourceTree = "<group>"; };
		D616FB252B4857F50014AC5A /* SceneDelegate.swift */ = {isa = PBXFileReference; lastKnownFileType = sourcecode.swift; path = SceneDelegate.swift; sourceTree = "<group>"; };
		D616FB2A2B4857F50014AC5A /* Base */ = {isa = PBXFileReference; lastKnownFileType = file.storyboard; name = Base; path = Base.lproj/Main.storyboard; sourceTree = "<group>"; };
		D616FB2C2B4857F70014AC5A /* Assets.xcassets */ = {isa = PBXFileReference; lastKnownFileType = folder.assetcatalog; path = Assets.xcassets; sourceTree = "<group>"; };
		D616FB2F2B4857F70014AC5A /* Base */ = {isa = PBXFileReference; lastKnownFileType = file.storyboard; name = Base; path = Base.lproj/LaunchScreen.storyboard; sourceTree = "<group>"; };
		D616FB312B4857F70014AC5A /* Info.plist */ = {isa = PBXFileReference; lastKnownFileType = text.plist.xml; path = Info.plist; sourceTree = "<group>"; };
		D616FB362B4857F70014AC5A /* HotCoffeeTests.xctest */ = {isa = PBXFileReference; explicitFileType = wrapper.cfbundle; includeInIndex = 0; path = HotCoffeeTests.xctest; sourceTree = BUILT_PRODUCTS_DIR; };
		D616FB3A2B4857F70014AC5A /* HotCoffeeTests.swift */ = {isa = PBXFileReference; lastKnownFileType = sourcecode.swift; path = HotCoffeeTests.swift; sourceTree = "<group>"; };
		D616FB402B4857F70014AC5A /* HotCoffeeUITests.xctest */ = {isa = PBXFileReference; explicitFileType = wrapper.cfbundle; includeInIndex = 0; path = HotCoffeeUITests.xctest; sourceTree = BUILT_PRODUCTS_DIR; };
		D616FB442B4857F70014AC5A /* HotCoffeeUITests.swift */ = {isa = PBXFileReference; lastKnownFileType = sourcecode.swift; path = HotCoffeeUITests.swift; sourceTree = "<group>"; };
		D616FB462B4857F70014AC5A /* HotCoffeeUITestsLaunchTests.swift */ = {isa = PBXFileReference; lastKnownFileType = sourcecode.swift; path = HotCoffeeUITestsLaunchTests.swift; sourceTree = "<group>"; };
		D616FB542B4858BA0014AC5A /* OrdersTableViewController.swift */ = {isa = PBXFileReference; lastKnownFileType = sourcecode.swift; path = OrdersTableViewController.swift; sourceTree = "<group>"; };
		D616FB562B4859160014AC5A /* AddOrdersViewController.swift */ = {isa = PBXFileReference; lastKnownFileType = sourcecode.swift; path = AddOrdersViewController.swift; sourceTree = "<group>"; };
		D616FB592B485F6F0014AC5A /* WebService.swift */ = {isa = PBXFileReference; lastKnownFileType = sourcecode.swift; path = WebService.swift; sourceTree = "<group>"; };
		D616FB5C2B4860DE0014AC5A /* Order.swift */ = {isa = PBXFileReference; lastKnownFileType = sourcecode.swift; path = Order.swift; sourceTree = "<group>"; };
		D616FB5F2B4863BE0014AC5A /* OrderViewModel.swift */ = {isa = PBXFileReference; lastKnownFileType = sourcecode.swift; path = OrderViewModel.swift; sourceTree = "<group>"; };
		D616FB612B486F660014AC5A /* AddCoffeeOrderViewModel.swift */ = {isa = PBXFileReference; lastKnownFileType = sourcecode.swift; path = AddCoffeeOrderViewModel.swift; sourceTree = "<group>"; };
/* End PBXFileReference section */

/* Begin PBXFrameworksBuildPhase section */
		D616FB1D2B4857F50014AC5A /* Frameworks */ = {
			isa = PBXFrameworksBuildPhase;
			buildActionMask = 2147483647;
			files = (
			);
			runOnlyForDeploymentPostprocessing = 0;
		};
		D616FB332B4857F70014AC5A /* Frameworks */ = {
			isa = PBXFrameworksBuildPhase;
			buildActionMask = 2147483647;
			files = (
			);
			runOnlyForDeploymentPostprocessing = 0;
		};
		D616FB3D2B4857F70014AC5A /* Frameworks */ = {
			isa = PBXFrameworksBuildPhase;
			buildActionMask = 2147483647;
			files = (
			);
			runOnlyForDeploymentPostprocessing = 0;
		};
/* End PBXFrameworksBuildPhase section */

/* Begin PBXGroup section */
		D616FB172B4857F40014AC5A = {
			isa = PBXGroup;
			children = (
				D616FB222B4857F50014AC5A /* HotCoffee */,
				D616FB392B4857F70014AC5A /* HotCoffeeTests */,
				D616FB432B4857F70014AC5A /* HotCoffeeUITests */,
				D616FB212B4857F50014AC5A /* Products */,
			);
			sourceTree = "<group>";
		};
		D616FB212B4857F50014AC5A /* Products */ = {
			isa = PBXGroup;
			children = (
				D616FB202B4857F50014AC5A /* HotCoffee.app */,
				D616FB362B4857F70014AC5A /* HotCoffeeTests.xctest */,
				D616FB402B4857F70014AC5A /* HotCoffeeUITests.xctest */,
			);
			name = Products;
			sourceTree = "<group>";
		};
		D616FB222B4857F50014AC5A /* HotCoffee */ = {
			isa = PBXGroup;
			children = (
				D616FB5E2B4863B00014AC5A /* ViewModel */,
				D616FB5B2B4860D30014AC5A /* Model */,
				D616FB582B485F5E0014AC5A /* Service */,
				D616FB532B48589F0014AC5A /* Controllers */,
				D616FB232B4857F50014AC5A /* AppDelegate.swift */,
				D616FB252B4857F50014AC5A /* SceneDelegate.swift */,
				D616FB292B4857F50014AC5A /* Main.storyboard */,
				D616FB2C2B4857F70014AC5A /* Assets.xcassets */,
				D616FB2E2B4857F70014AC5A /* LaunchScreen.storyboard */,
				D616FB312B4857F70014AC5A /* Info.plist */,
			);
			path = HotCoffee;
			sourceTree = "<group>";
		};
		D616FB392B4857F70014AC5A /* HotCoffeeTests */ = {
			isa = PBXGroup;
			children = (
				D616FB3A2B4857F70014AC5A /* HotCoffeeTests.swift */,
			);
			path = HotCoffeeTests;
			sourceTree = "<group>";
		};
		D616FB432B4857F70014AC5A /* HotCoffeeUITests */ = {
			isa = PBXGroup;
			children = (
				D616FB442B4857F70014AC5A /* HotCoffeeUITests.swift */,
				D616FB462B4857F70014AC5A /* HotCoffeeUITestsLaunchTests.swift */,
			);
			path = HotCoffeeUITests;
			sourceTree = "<group>";
		};
		D616FB532B48589F0014AC5A /* Controllers */ = {
			isa = PBXGroup;
			children = (
				D616FB542B4858BA0014AC5A /* OrdersTableViewController.swift */,
				D616FB562B4859160014AC5A /* AddOrdersViewController.swift */,
			);
			path = Controllers;
			sourceTree = "<group>";
		};
		D616FB582B485F5E0014AC5A /* Service */ = {
			isa = PBXGroup;
			children = (
				D616FB592B485F6F0014AC5A /* WebService.swift */,
			);
			path = Service;
			sourceTree = "<group>";
		};
		D616FB5B2B4860D30014AC5A /* Model */ = {
			isa = PBXGroup;
			children = (
				D616FB5C2B4860DE0014AC5A /* Order.swift */,
			);
			path = Model;
			sourceTree = "<group>";
		};
		D616FB5E2B4863B00014AC5A /* ViewModel */ = {
			isa = PBXGroup;
			children = (
				D616FB5F2B4863BE0014AC5A /* OrderViewModel.swift */,
				D616FB612B486F660014AC5A /* AddCoffeeOrderViewModel.swift */,
			);
			path = ViewModel;
			sourceTree = "<group>";
		};
/* End PBXGroup section */

/* Begin PBXNativeTarget section */
		D616FB1F2B4857F50014AC5A /* HotCoffee */ = {
			isa = PBXNativeTarget;
			buildConfigurationList = D616FB4A2B4857F70014AC5A /* Build configuration list for PBXNativeTarget "HotCoffee" */;
			buildPhases = (
				D616FB1C2B4857F50014AC5A /* Sources */,
				D616FB1D2B4857F50014AC5A /* Frameworks */,
				D616FB1E2B4857F50014AC5A /* Resources */,
			);
			buildRules = (
			);
			dependencies = (
			);
			name = HotCoffee;
			productName = HotCoffee;
			productReference = D616FB202B4857F50014AC5A /* HotCoffee.app */;
			productType = "com.apple.product-type.application";
		};
		D616FB352B4857F70014AC5A /* HotCoffeeTests */ = {
			isa = PBXNativeTarget;
			buildConfigurationList = D616FB4D2B4857F70014AC5A /* Build configuration list for PBXNativeTarget "HotCoffeeTests" */;
			buildPhases = (
				D616FB322B4857F70014AC5A /* Sources */,
				D616FB332B4857F70014AC5A /* Frameworks */,
				D616FB342B4857F70014AC5A /* Resources */,
			);
			buildRules = (
			);
			dependencies = (
				D616FB382B4857F70014AC5A /* PBXTargetDependency */,
			);
			name = HotCoffeeTests;
			productName = HotCoffeeTests;
			productReference = D616FB362B4857F70014AC5A /* HotCoffeeTests.xctest */;
			productType = "com.apple.product-type.bundle.unit-test";
		};
		D616FB3F2B4857F70014AC5A /* HotCoffeeUITests */ = {
			isa = PBXNativeTarget;
			buildConfigurationList = D616FB502B4857F70014AC5A /* Build configuration list for PBXNativeTarget "HotCoffeeUITests" */;
			buildPhases = (
				D616FB3C2B4857F70014AC5A /* Sources */,
				D616FB3D2B4857F70014AC5A /* Frameworks */,
				D616FB3E2B4857F70014AC5A /* Resources */,
			);
			buildRules = (
			);
			dependencies = (
				D616FB422B4857F70014AC5A /* PBXTargetDependency */,
			);
			name = HotCoffeeUITests;
			productName = HotCoffeeUITests;
			productReference = D616FB402B4857F70014AC5A /* HotCoffeeUITests.xctest */;
			productType = "com.apple.product-type.bundle.ui-testing";
		};
/* End PBXNativeTarget section */

/* Begin PBXProject section */
		D616FB182B4857F40014AC5A /* Project object */ = {
			isa = PBXProject;
			attributes = {
				BuildIndependentTargetsInParallel = 1;
				LastSwiftUpdateCheck = 1500;
				LastUpgradeCheck = 1500;
				TargetAttributes = {
					D616FB1F2B4857F50014AC5A = {
						CreatedOnToolsVersion = 15.0.1;
					};
					D616FB352B4857F70014AC5A = {
						CreatedOnToolsVersion = 15.0.1;
						TestTargetID = D616FB1F2B4857F50014AC5A;
					};
					D616FB3F2B4857F70014AC5A = {
						CreatedOnToolsVersion = 15.0.1;
						TestTargetID = D616FB1F2B4857F50014AC5A;
					};
				};
			};
			buildConfigurationList = D616FB1B2B4857F40014AC5A /* Build configuration list for PBXProject "HotCoffee" */;
			compatibilityVersion = "Xcode 14.0";
			developmentRegion = en;
			hasScannedForEncodings = 0;
			knownRegions = (
				en,
				Base,
			);
			mainGroup = D616FB172B4857F40014AC5A;
			productRefGroup = D616FB212B4857F50014AC5A /* Products */;
			projectDirPath = "";
			projectRoot = "";
			targets = (
				D616FB1F2B4857F50014AC5A /* HotCoffee */,
				D616FB352B4857F70014AC5A /* HotCoffeeTests */,
				D616FB3F2B4857F70014AC5A /* HotCoffeeUITests */,
			);
		};
/* End PBXProject section */

/* Begin PBXResourcesBuildPhase section */
		D616FB1E2B4857F50014AC5A /* Resources */ = {
			isa = PBXResourcesBuildPhase;
			buildActionMask = 2147483647;
			files = (
				D616FB302B4857F70014AC5A /* LaunchScreen.storyboard in Resources */,
				D616FB2D2B4857F70014AC5A /* Assets.xcassets in Resources */,
				D616FB2B2B4857F50014AC5A /* Main.storyboard in Resources */,
			);
			runOnlyForDeploymentPostprocessing = 0;
		};
		D616FB342B4857F70014AC5A /* Resources */ = {
			isa = PBXResourcesBuildPhase;
			buildActionMask = 2147483647;
			files = (
			);
			runOnlyForDeploymentPostprocessing = 0;
		};
		D616FB3E2B4857F70014AC5A /* Resources */ = {
			isa = PBXResourcesBuildPhase;
			buildActionMask = 2147483647;
			files = (
			);
			runOnlyForDeploymentPostprocessing = 0;
		};
/* End PBXResourcesBuildPhase section */

/* Begin PBXSourcesBuildPhase section */
		D616FB1C2B4857F50014AC5A /* Sources */ = {
			isa = PBXSourcesBuildPhase;
			buildActionMask = 2147483647;
			files = (
				D616FB5D2B4860DE0014AC5A /* Order.swift in Sources */,
				D616FB622B486F660014AC5A /* AddCoffeeOrderViewModel.swift in Sources */,
				D616FB242B4857F50014AC5A /* AppDelegate.swift in Sources */,
				D616FB262B4857F50014AC5A /* SceneDelegate.swift in Sources */,
				D616FB552B4858BA0014AC5A /* OrdersTableViewController.swift in Sources */,
				D616FB5A2B485F6F0014AC5A /* WebService.swift in Sources */,
				D616FB602B4863BE0014AC5A /* OrderViewModel.swift in Sources */,
				D616FB572B4859160014AC5A /* AddOrdersViewController.swift in Sources */,
			);
			runOnlyForDeploymentPostprocessing = 0;
		};
		D616FB322B4857F70014AC5A /* Sources */ = {
			isa = PBXSourcesBuildPhase;
			buildActionMask = 2147483647;
			files = (
				D616FB3B2B4857F70014AC5A /* HotCoffeeTests.swift in Sources */,
			);
			runOnlyForDeploymentPostprocessing = 0;
		};
		D616FB3C2B4857F70014AC5A /* Sources */ = {
			isa = PBXSourcesBuildPhase;
			buildActionMask = 2147483647;
			files = (
				D616FB472B4857F70014AC5A /* HotCoffeeUITestsLaunchTests.swift in Sources */,
				D616FB452B4857F70014AC5A /* HotCoffeeUITests.swift in Sources */,
			);
			runOnlyForDeploymentPostprocessing = 0;
		};
/* End PBXSourcesBuildPhase section */

/* Begin PBXTargetDependency section */
		D616FB382B4857F70014AC5A /* PBXTargetDependency */ = {
			isa = PBXTargetDependency;
			target = D616FB1F2B4857F50014AC5A /* HotCoffee */;
			targetProxy = D616FB372B4857F70014AC5A /* PBXContainerItemProxy */;
		};
		D616FB422B4857F70014AC5A /* PBXTargetDependency */ = {
			isa = PBXTargetDependency;
			target = D616FB1F2B4857F50014AC5A /* HotCoffee */;
			targetProxy = D616FB412B4857F70014AC5A /* PBXContainerItemProxy */;
		};
/* End PBXTargetDependency section */

/* Begin PBXVariantGroup section */
		D616FB292B4857F50014AC5A /* Main.storyboard */ = {
			isa = PBXVariantGroup;
			children = (
				D616FB2A2B4857F50014AC5A /* Base */,
			);
			name = Main.storyboard;
			sourceTree = "<group>";
		};
		D616FB2E2B4857F70014AC5A /* LaunchScreen.storyboard */ = {
			isa = PBXVariantGroup;
			children = (
				D616FB2F2B4857F70014AC5A /* Base */,
			);
			name = LaunchScreen.storyboard;
			sourceTree = "<group>";
		};
/* End PBXVariantGroup section */

/* Begin XCBuildConfiguration section */
		D616FB482B4857F70014AC5A /* Debug */ = {
			isa = XCBuildConfiguration;
			buildSettings = {
				ALWAYS_SEARCH_USER_PATHS = NO;
				ASSETCATALOG_COMPILER_GENERATE_SWIFT_ASSET_SYMBOL_EXTENSIONS = YES;
				CLANG_ANALYZER_NONNULL = YES;
				CLANG_ANALYZER_NUMBER_OBJECT_CONVERSION = YES_AGGRESSIVE;
				CLANG_CXX_LANGUAGE_STANDARD = "gnu++20";
				CLANG_ENABLE_MODULES = YES;
				CLANG_ENABLE_OBJC_ARC = YES;
				CLANG_ENABLE_OBJC_WEAK = YES;
				CLANG_WARN_BLOCK_CAPTURE_AUTORELEASING = YES;
				CLANG_WARN_BOOL_CONVERSION = YES;
				CLANG_WARN_COMMA = YES;
				CLANG_WARN_CONSTANT_CONVERSION = YES;
				CLANG_WARN_DEPRECATED_OBJC_IMPLEMENTATIONS = YES;
				CLANG_WARN_DIRECT_OBJC_ISA_USAGE = YES_ERROR;
				CLANG_WARN_DOCUMENTATION_COMMENTS = YES;
				CLANG_WARN_EMPTY_BODY = YES;
				CLANG_WARN_ENUM_CONVERSION = YES;
				CLANG_WARN_INFINITE_RECURSION = YES;
				CLANG_WARN_INT_CONVERSION = YES;
				CLANG_WARN_NON_LITERAL_NULL_CONVERSION = YES;
				CLANG_WARN_OBJC_IMPLICIT_RETAIN_SELF = YES;
				CLANG_WARN_OBJC_LITERAL_CONVERSION = YES;
				CLANG_WARN_OBJC_ROOT_CLASS = YES_ERROR;
				CLANG_WARN_QUOTED_INCLUDE_IN_FRAMEWORK_HEADER = YES;
				CLANG_WARN_RANGE_LOOP_ANALYSIS = YES;
				CLANG_WARN_STRICT_PROTOTYPES = YES;
				CLANG_WARN_SUSPICIOUS_MOVE = YES;
				CLANG_WARN_UNGUARDED_AVAILABILITY = YES_AGGRESSIVE;
				CLANG_WARN_UNREACHABLE_CODE = YES;
				CLANG_WARN__DUPLICATE_METHOD_MATCH = YES;
				COPY_PHASE_STRIP = NO;
				DEBUG_INFORMATION_FORMAT = dwarf;
				ENABLE_STRICT_OBJC_MSGSEND = YES;
				ENABLE_TESTABILITY = YES;
				ENABLE_USER_SCRIPT_SANDBOXING = YES;
				GCC_C_LANGUAGE_STANDARD = gnu17;
				GCC_DYNAMIC_NO_PIC = NO;
				GCC_NO_COMMON_BLOCKS = YES;
				GCC_OPTIMIZATION_LEVEL = 0;
				GCC_PREPROCESSOR_DEFINITIONS = (
					"DEBUG=1",
					"$(inherited)",
				);
				GCC_WARN_64_TO_32_BIT_CONVERSION = YES;
				GCC_WARN_ABOUT_RETURN_TYPE = YES_ERROR;
				GCC_WARN_UNDECLARED_SELECTOR = YES;
				GCC_WARN_UNINITIALIZED_AUTOS = YES_AGGRESSIVE;
				GCC_WARN_UNUSED_FUNCTION = YES;
				GCC_WARN_UNUSED_VARIABLE = YES;
				IPHONEOS_DEPLOYMENT_TARGET = 17.0;
				LOCALIZATION_PREFERS_STRING_CATALOGS = YES;
				MTL_ENABLE_DEBUG_INFO = INCLUDE_SOURCE;
				MTL_FAST_MATH = YES;
				ONLY_ACTIVE_ARCH = YES;
				SDKROOT = iphoneos;
				SWIFT_ACTIVE_COMPILATION_CONDITIONS = "DEBUG $(inherited)";
				SWIFT_OPTIMIZATION_LEVEL = "-Onone";
			};
			name = Debug;
		};
		D616FB492B4857F70014AC5A /* Release */ = {
			isa = XCBuildConfiguration;
			buildSettings = {
				ALWAYS_SEARCH_USER_PATHS = NO;
				ASSETCATALOG_COMPILER_GENERATE_SWIFT_ASSET_SYMBOL_EXTENSIONS = YES;
				CLANG_ANALYZER_NONNULL = YES;
				CLANG_ANALYZER_NUMBER_OBJECT_CONVERSION = YES_AGGRESSIVE;
				CLANG_CXX_LANGUAGE_STANDARD = "gnu++20";
				CLANG_ENABLE_MODULES = YES;
				CLANG_ENABLE_OBJC_ARC = YES;
				CLANG_ENABLE_OBJC_WEAK = YES;
				CLANG_WARN_BLOCK_CAPTURE_AUTORELEASING = YES;
				CLANG_WARN_BOOL_CONVERSION = YES;
				CLANG_WARN_COMMA = YES;
				CLANG_WARN_CONSTANT_CONVERSION = YES;
				CLANG_WARN_DEPRECATED_OBJC_IMPLEMENTATIONS = YES;
				CLANG_WARN_DIRECT_OBJC_ISA_USAGE = YES_ERROR;
				CLANG_WARN_DOCUMENTATION_COMMENTS = YES;
				CLANG_WARN_EMPTY_BODY = YES;
				CLANG_WARN_ENUM_CONVERSION = YES;
				CLANG_WARN_INFINITE_RECURSION = YES;
				CLANG_WARN_INT_CONVERSION = YES;
				CLANG_WARN_NON_LITERAL_NULL_CONVERSION = YES;
				CLANG_WARN_OBJC_IMPLICIT_RETAIN_SELF = YES;
				CLANG_WARN_OBJC_LITERAL_CONVERSION = YES;
				CLANG_WARN_OBJC_ROOT_CLASS = YES_ERROR;
				CLANG_WARN_QUOTED_INCLUDE_IN_FRAMEWORK_HEADER = YES;
				CLANG_WARN_RANGE_LOOP_ANALYSIS = YES;
				CLANG_WARN_STRICT_PROTOTYPES = YES;
				CLANG_WARN_SUSPICIOUS_MOVE = YES;
				CLANG_WARN_UNGUARDED_AVAILABILITY = YES_AGGRESSIVE;
				CLANG_WARN_UNREACHABLE_CODE = YES;
				CLANG_WARN__DUPLICATE_METHOD_MATCH = YES;
				COPY_PHASE_STRIP = NO;
				DEBUG_INFORMATION_FORMAT = "dwarf-with-dsym";
				ENABLE_NS_ASSERTIONS = NO;
				ENABLE_STRICT_OBJC_MSGSEND = YES;
				ENABLE_USER_SCRIPT_SANDBOXING = YES;
				GCC_C_LANGUAGE_STANDARD = gnu17;
				GCC_NO_COMMON_BLOCKS = YES;
				GCC_WARN_64_TO_32_BIT_CONVERSION = YES;
				GCC_WARN_ABOUT_RETURN_TYPE = YES_ERROR;
				GCC_WARN_UNDECLARED_SELECTOR = YES;
				GCC_WARN_UNINITIALIZED_AUTOS = YES_AGGRESSIVE;
				GCC_WARN_UNUSED_FUNCTION = YES;
				GCC_WARN_UNUSED_VARIABLE = YES;
				IPHONEOS_DEPLOYMENT_TARGET = 17.0;
				LOCALIZATION_PREFERS_STRING_CATALOGS = YES;
				MTL_ENABLE_DEBUG_INFO = NO;
				MTL_FAST_MATH = YES;
				SDKROOT = iphoneos;
				SWIFT_COMPILATION_MODE = wholemodule;
				VALIDATE_PRODUCT = YES;
			};
			name = Release;
		};
		D616FB4B2B4857F70014AC5A /* Debug */ = {
			isa = XCBuildConfiguration;
			buildSettings = {
				ASSETCATALOG_COMPILER_APPICON_NAME = AppIcon;
				ASSETCATALOG_COMPILER_GLOBAL_ACCENT_COLOR_NAME = AccentColor;
				CODE_SIGN_STYLE = Automatic;
				CURRENT_PROJECT_VERSION = 1;
				DEVELOPMENT_TEAM = Z9VC2L39AT;
				GENERATE_INFOPLIST_FILE = YES;
				INFOPLIST_FILE = HotCoffee/Info.plist;
				INFOPLIST_KEY_UIApplicationSupportsIndirectInputEvents = YES;
				INFOPLIST_KEY_UILaunchStoryboardName = LaunchScreen;
				INFOPLIST_KEY_UIMainStoryboardFile = Main;
				INFOPLIST_KEY_UISupportedInterfaceOrientations_iPad = "UIInterfaceOrientationPortrait UIInterfaceOrientationPortraitUpsideDown UIInterfaceOrientationLandscapeLeft UIInterfaceOrientationLandscapeRight";
				INFOPLIST_KEY_UISupportedInterfaceOrientations_iPhone = "UIInterfaceOrientationPortrait UIInterfaceOrientationLandscapeLeft UIInterfaceOrientationLandscapeRight";
				LD_RUNPATH_SEARCH_PATHS = (
					"$(inherited)",
					"@executable_path/Frameworks",
				);
				MARKETING_VERSION = 1.0;
				PRODUCT_BUNDLE_IDENTIFIER = co.thenasserr.HotCoffee;
				PRODUCT_NAME = "$(TARGET_NAME)";
				SWIFT_EMIT_LOC_STRINGS = YES;
				SWIFT_VERSION = 5.0;
				TARGETED_DEVICE_FAMILY = "1,2";
			};
			name = Debug;
		};
		D616FB4C2B4857F70014AC5A /* Release */ = {
			isa = XCBuildConfiguration;
			buildSettings = {
				ASSETCATALOG_COMPILER_APPICON_NAME = AppIcon;
				ASSETCATALOG_COMPILER_GLOBAL_ACCENT_COLOR_NAME = AccentColor;
				CODE_SIGN_STYLE = Automatic;
				CURRENT_PROJECT_VERSION = 1;
				DEVELOPMENT_TEAM = Z9VC2L39AT;
				GENERATE_INFOPLIST_FILE = YES;
				INFOPLIST_FILE = HotCoffee/Info.plist;
				INFOPLIST_KEY_UIApplicationSupportsIndirectInputEvents = YES;
				INFOPLIST_KEY_UILaunchStoryboardName = LaunchScreen;
				INFOPLIST_KEY_UIMainStoryboardFile = Main;
				INFOPLIST_KEY_UISupportedInterfaceOrientations_iPad = "UIInterfaceOrientationPortrait UIInterfaceOrientationPortraitUpsideDown UIInterfaceOrientationLandscapeLeft UIInterfaceOrientationLandscapeRight";
				INFOPLIST_KEY_UISupportedInterfaceOrientations_iPhone = "UIInterfaceOrientationPortrait UIInterfaceOrientationLandscapeLeft UIInterfaceOrientationLandscapeRight";
				LD_RUNPATH_SEARCH_PATHS = (
					"$(inherited)",
					"@executable_path/Frameworks",
				);
				MARKETING_VERSION = 1.0;
				PRODUCT_BUNDLE_IDENTIFIER = co.thenasserr.HotCoffee;
				PRODUCT_NAME = "$(TARGET_NAME)";
				SWIFT_EMIT_LOC_STRINGS = YES;
				SWIFT_VERSION = 5.0;
				TARGETED_DEVICE_FAMILY = "1,2";
			};
			name = Release;
		};
		D616FB4E2B4857F70014AC5A /* Debug */ = {
			isa = XCBuildConfiguration;
			buildSettings = {
				ALWAYS_EMBED_SWIFT_STANDARD_LIBRARIES = YES;
				BUNDLE_LOADER = "$(TEST_HOST)";
				CODE_SIGN_STYLE = Automatic;
				CURRENT_PROJECT_VERSION = 1;
				DEVELOPMENT_TEAM = Z9VC2L39AT;
				GENERATE_INFOPLIST_FILE = YES;
				IPHONEOS_DEPLOYMENT_TARGET = 17.0;
				MARKETING_VERSION = 1.0;
				PRODUCT_BUNDLE_IDENTIFIER = co.thenasserr.HotCoffeeTests;
				PRODUCT_NAME = "$(TARGET_NAME)";
				SWIFT_EMIT_LOC_STRINGS = NO;
				SWIFT_VERSION = 5.0;
				TARGETED_DEVICE_FAMILY = "1,2";
				TEST_HOST = "$(BUILT_PRODUCTS_DIR)/HotCoffee.app/$(BUNDLE_EXECUTABLE_FOLDER_PATH)/HotCoffee";
			};
			name = Debug;
		};
		D616FB4F2B4857F70014AC5A /* Release */ = {
			isa = XCBuildConfiguration;
			buildSettings = {
				ALWAYS_EMBED_SWIFT_STANDARD_LIBRARIES = YES;
				BUNDLE_LOADER = "$(TEST_HOST)";
				CODE_SIGN_STYLE = Automatic;
				CURRENT_PROJECT_VERSION = 1;
				DEVELOPMENT_TEAM = Z9VC2L39AT;
				GENERATE_INFOPLIST_FILE = YES;
				IPHONEOS_DEPLOYMENT_TARGET = 17.0;
				MARKETING_VERSION = 1.0;
				PRODUCT_BUNDLE_IDENTIFIER = co.thenasserr.HotCoffeeTests;
				PRODUCT_NAME = "$(TARGET_NAME)";
				SWIFT_EMIT_LOC_STRINGS = NO;
				SWIFT_VERSION = 5.0;
				TARGETED_DEVICE_FAMILY = "1,2";
				TEST_HOST = "$(BUILT_PRODUCTS_DIR)/HotCoffee.app/$(BUNDLE_EXECUTABLE_FOLDER_PATH)/HotCoffee";
			};
			name = Release;
		};
		D616FB512B4857F70014AC5A /* Debug */ = {
			isa = XCBuildConfiguration;
			buildSettings = {
				ALWAYS_EMBED_SWIFT_STANDARD_LIBRARIES = YES;
				CODE_SIGN_STYLE = Automatic;
				CURRENT_PROJECT_VERSION = 1;
				DEVELOPMENT_TEAM = Z9VC2L39AT;
				GENERATE_INFOPLIST_FILE = YES;
				MARKETING_VERSION = 1.0;
				PRODUCT_BUNDLE_IDENTIFIER = co.thenasserr.HotCoffeeUITests;
				PRODUCT_NAME = "$(TARGET_NAME)";
				SWIFT_EMIT_LOC_STRINGS = NO;
				SWIFT_VERSION = 5.0;
				TARGETED_DEVICE_FAMILY = "1,2";
				TEST_TARGET_NAME = HotCoffee;
			};
			name = Debug;
		};
		D616FB522B4857F70014AC5A /* Release */ = {
			isa = XCBuildConfiguration;
			buildSettings = {
				ALWAYS_EMBED_SWIFT_STANDARD_LIBRARIES = YES;
				CODE_SIGN_STYLE = Automatic;
				CURRENT_PROJECT_VERSION = 1;
				DEVELOPMENT_TEAM = Z9VC2L39AT;
				GENERATE_INFOPLIST_FILE = YES;
				MARKETING_VERSION = 1.0;
				PRODUCT_BUNDLE_IDENTIFIER = co.thenasserr.HotCoffeeUITests;
				PRODUCT_NAME = "$(TARGET_NAME)";
				SWIFT_EMIT_LOC_STRINGS = NO;
				SWIFT_VERSION = 5.0;
				TARGETED_DEVICE_FAMILY = "1,2";
				TEST_TARGET_NAME = HotCoffee;
			};
			name = Release;
		};
/* End XCBuildConfiguration section */

/* Begin XCConfigurationList section */
		D616FB1B2B4857F40014AC5A /* Build configuration list for PBXProject "HotCoffee" */ = {
			isa = XCConfigurationList;
			buildConfigurations = (
				D616FB482B4857F70014AC5A /* Debug */,
				D616FB492B4857F70014AC5A /* Release */,
			);
			defaultConfigurationIsVisible = 0;
			defaultConfigurationName = Release;
		};
		D616FB4A2B4857F70014AC5A /* Build configuration list for PBXNativeTarget "HotCoffee" */ = {
			isa = XCConfigurationList;
			buildConfigurations = (
				D616FB4B2B4857F70014AC5A /* Debug */,
				D616FB4C2B4857F70014AC5A /* Release */,
			);
			defaultConfigurationIsVisible = 0;
			defaultConfigurationName = Release;
		};
		D616FB4D2B4857F70014AC5A /* Build configuration list for PBXNativeTarget "HotCoffeeTests" */ = {
			isa = XCConfigurationList;
			buildConfigurations = (
				D616FB4E2B4857F70014AC5A /* Debug */,
				D616FB4F2B4857F70014AC5A /* Release */,
			);
			defaultConfigurationIsVisible = 0;
			defaultConfigurationName = Release;
		};
		D616FB502B4857F70014AC5A /* Build configuration list for PBXNativeTarget "HotCoffeeUITests" */ = {
			isa = XCConfigurationList;
			buildConfigurations = (
				D616FB512B4857F70014AC5A /* Debug */,
				D616FB522B4857F70014AC5A /* Release */,
			);
			defaultConfigurationIsVisible = 0;
			defaultConfigurationName = Release;
		};
/* End XCConfigurationList section */
	};
	rootObject = D616FB182B4857F40014AC5A /* Project object */;
}
